{
  "requires": true,
  "lockfileVersion": 1,
  "dependencies": {
    "blueimp-load-image": {
      "version": "5.12.0",
      "resolved": "https://registry.npmjs.org/blueimp-load-image/-/blueimp-load-image-5.12.0.tgz",
      "integrity": "sha512-micpPEzy5UR84AehhXJEJhfsOEbapRNgxWBFVIrnG0WYRDwJOLXDbxmypFqeildZHa7MXDgZJe4niyxcgxXzJw=="
    },
    "bootstrap-icons": {
      "version": "1.0.0-alpha2",
      "resolved": "https://registry.npmjs.org/bootstrap-icons/-/bootstrap-icons-1.0.0-alpha2.tgz",
      "integrity": "sha512-7Tsip8n6GX0zoMm3l5eHWFYynq9CX8QlnWEJ1O42GwtwKOcc4bNZTW1tdhGGS+Q6oSgpTvvi08fZkdyfrqPp2w=="
    }
  }
}
